
Microsoft Visual Studio Solution File, Format Version 12.00
# Visual Studio Version 17
VisualStudioVersion = 17.3.32901.215
MinimumVisualStudioVersion = 10.0.40219.1
Project("{FAE04EC0-301F-11D3-BF4B-00C04F79EFBC}") = "TicTacToe", "TicTacToe\TicTacToe.csproj", "{86167566-E6D1-4C7A-B5CB-E40CB67E87A0}"
EndProject
Global
	GlobalSection(SolutionConfigurationPlatforms) = preSolution
		Debug|Any CPU = Debug|Any CPU
		Release|Any CPU = Release|Any CPU
	EndGlobalSection
	GlobalSection(ProjectConfigurationPlatforms) = postSolution
		{86167566-E6D1-4C7A-B5CB-E40CB67E87A0}.Debug|Any CPU.ActiveCfg = Debug|Any CPU
		{86167566-E6D1-4C7A-B5CB-E40CB67E87A0}.Debug|Any CPU.Build.0 = Debug|Any CPU
		{86167566-E6D1-4C7A-B5CB-E40CB67E87A0}.Release|Any CPU.ActiveCfg = Release|Any CPU
		{86167566-E6D1-4C7A-B5CB-E40CB67E87A0}.Release|Any CPU.Build.0 = Release|Any CPU
	EndGlobalSection
	GlobalSection(SolutionProperties) = preSolution
		HideSolutionNode = FALSE
	EndGlobalSection
	GlobalSection(ExtensibilityGlobals) = postSolution
		SolutionGuid = {C5C45769-77E7-4622-93BF-97861DFB4B9F}
	EndGlobalSection
EndGlobal
