
Microsoft Visual Studio Solution File, Format Version 12.00
# Visual Studio Version 17
VisualStudioVersion = 17.3.32901.215
MinimumVisualStudioVersion = 10.0.40219.1
Project("{FAE04EC0-301F-11D3-BF4B-00C04F79EFBC}") = "TheReplicatorOfDTo", "TheReplicatorOfDTo\TheReplicatorOfDTo.csproj", "{23151F6D-2909-4FF1-8693-6DC4EF374895}"
EndProject
Global
	GlobalSection(SolutionConfigurationPlatforms) = preSolution
		Debug|Any CPU = Debug|Any CPU
		Release|Any CPU = Release|Any CPU
	EndGlobalSection
	GlobalSection(ProjectConfigurationPlatforms) = postSolution
		{23151F6D-2909-4FF1-8693-6DC4EF374895}.Debug|Any CPU.ActiveCfg = Debug|Any CPU
		{23151F6D-2909-4FF1-8693-6DC4EF374895}.Debug|Any CPU.Build.0 = Debug|Any CPU
		{23151F6D-2909-4FF1-8693-6DC4EF374895}.Release|Any CPU.ActiveCfg = Release|Any CPU
		{23151F6D-2909-4FF1-8693-6DC4EF374895}.Release|Any CPU.Build.0 = Release|Any CPU
	EndGlobalSection
	GlobalSection(SolutionProperties) = preSolution
		HideSolutionNode = FALSE
	EndGlobalSection
	GlobalSection(ExtensibilityGlobals) = postSolution
		SolutionGuid = {0A916DAE-066D-4818-A9B3-FEFF3DFB4648}
	EndGlobalSection
EndGlobal
