
Microsoft Visual Studio Solution File, Format Version 12.00
# Visual Studio Version 17
VisualStudioVersion = 17.3.32901.215
MinimumVisualStudioVersion = 10.0.40219.1
Project("{FAE04EC0-301F-11D3-BF4B-00C04F79EFBC}") = "TheLawsOfFreach", "TheLawsOfFreach\TheLawsOfFreach.csproj", "{08335E2E-AB0B-4B79-972D-F3D434E1D556}"
EndProject
Global
	GlobalSection(SolutionConfigurationPlatforms) = preSolution
		Debug|Any CPU = Debug|Any CPU
		Release|Any CPU = Release|Any CPU
	EndGlobalSection
	GlobalSection(ProjectConfigurationPlatforms) = postSolution
		{08335E2E-AB0B-4B79-972D-F3D434E1D556}.Debug|Any CPU.ActiveCfg = Debug|Any CPU
		{08335E2E-AB0B-4B79-972D-F3D434E1D556}.Debug|Any CPU.Build.0 = Debug|Any CPU
		{08335E2E-AB0B-4B79-972D-F3D434E1D556}.Release|Any CPU.ActiveCfg = Release|Any CPU
		{08335E2E-AB0B-4B79-972D-F3D434E1D556}.Release|Any CPU.Build.0 = Release|Any CPU
	EndGlobalSection
	GlobalSection(SolutionProperties) = preSolution
		HideSolutionNode = FALSE
	EndGlobalSection
	GlobalSection(ExtensibilityGlobals) = postSolution
		SolutionGuid = {908C36B8-1E30-4407-A0D0-E57303389ED8}
	EndGlobalSection
EndGlobal
